<?xml version="1.0" encoding="utf-8"?>
<Project ToolsVersion="4.0" xmlns="http://schemas.microsoft.com/developer/msbuild/2003">
  <ItemGroup>
    <Filter Include="源文件">
      <UniqueIdentifier>{4FC737F1-C7A5-4376-A066-2A32D752A2FF}</UniqueIdentifier>
      <Extensions>cpp;c;cc;cxx;def;odl;idl;hpj;bat;asm;asmx</Extensions>
    </Filter>
    <Filter Include="头文件">
      <UniqueIdentifier>{93995380-89BD-4b04-88EB-625FBE52EBFB}</UniqueIdentifier>
      <Extensions>h;hpp;hxx;hm;inl;inc;xsd</Extensions>
    </Filter>
    <Filter Include="资源文件">
      <UniqueIdentifier>{67DA6AB6-F800-4c08-8B7A-83BB121AAD01}</UniqueIdentifier>
      <Extensions>rc;ico;cur;bmp;dlg;rc2;rct;bin;rgs;gif;jpg;jpeg;jpe;resx;tiff;tif;png;wav</Extensions>
    </Filter>
  </ItemGroup>
  <ItemGroup>
    <ClCompile Include="MainFrm.cpp">
      <Filter>源文件</Filter>
    </ClCompile>
    <ClCompile Include="SettingDlg.cpp">
      <Filter>源文件</Filter>
    </ClCompile>
    <ClCompile Include="stdafx.cpp">
      <Filter>源文件</Filter>
    </ClCompile>
    <ClCompile Include="sweepMineMFC.cpp">
      <Filter>源文件</Filter>
    </ClCompile>
    <ClCompile Include="sweepMineMFCDoc.cpp">
      <Filter>源文件</Filter>
    </ClCompile>
    <ClCompile Include="sweepMineMFCView.cpp">
      <Filter>源文件</Filter>
    </ClCompile>
  </ItemGroup>
  <ItemGroup>
    <ClInclude Include="MainFrm.h">
      <Filter>头文件</Filter>
    </ClInclude>
    <ClInclude Include="Resource.h">
      <Filter>头文件</Filter>
    </ClInclude>
    <ClInclude Include="SettingDlg.h">
      <Filter>头文件</Filter>
    </ClInclude>
    <ClInclude Include="stdafx.h">
      <Filter>头文件</Filter>
    </ClInclude>
    <ClInclude Include="sweepmine.h">
      <Filter>头文件</Filter>
    </ClInclude>
    <ClInclude Include="sweepMineMFC.h">
      <Filter>头文件</Filter>
    </ClInclude>
    <ClInclude Include="sweepMineMFCDoc.h">
      <Filter>头文件</Filter>
    </ClInclude>
    <ClInclude Include="sweepMineMFCView.h">
      <Filter>头文件</Filter>
    </ClInclude>
  </ItemGroup>
  <ItemGroup>
    <Image Include="res\bitmap1.bmp">
      <Filter>资源文件</Filter>
    </Image>
    <Image Include="res\bitmap2.bmp">
      <Filter>资源文件</Filter>
    </Image>
    <Image Include="res\bitmap28.bmp">
      <Filter>资源文件</Filter>
    </Image>
    <Image Include="res\bitmap3.bmp">
      <Filter>资源文件</Filter>
    </Image>
    <Image Include="res\bmp00001.bmp">
      <Filter>资源文件</Filter>
    </Image>
    <Image Include="res\bmp00002.bmp">
      <Filter>资源文件</Filter>
    </Image>
    <Image Include="res\square\medium.bmp">
      <Filter>资源文件</Filter>
    </Image>
    <Image Include="res\triangle\medium.bmp">
      <Filter>资源文件</Filter>
    </Image>
    <Image Include="res\question\medium.bmp">
      <Filter>资源文件</Filter>
    </Image>
    <Image Include="res\medium_1.bmp">
      <Filter>资源文件</Filter>
    </Image>
    <Image Include="res\medium_2.bmp">
      <Filter>资源文件</Filter>
    </Image>
    <Image Include="res\medium_3.bmp">
      <Filter>资源文件</Filter>
    </Image>
    <Image Include="res\medium_4.bmp">
      <Filter>资源文件</Filter>
    </Image>
    <Image Include="res\medium_5.bmp">
      <Filter>资源文件</Filter>
    </Image>
    <Image Include="res\medium_6.bmp">
      <Filter>资源文件</Filter>
    </Image>
    <Image Include="res\medium_7.bmp">
      <Filter>资源文件</Filter>
    </Image>
    <Image Include="res\medium_8.bmp">
      <Filter>资源文件</Filter>
    </Image>
    <Image Include="res\medium_9.bmp">
      <Filter>资源文件</Filter>
    </Image>
    <Image Include="res\boom\medium_boom.bmp">
      <Filter>资源文件</Filter>
    </Image>
    <Image Include="res\boom\medium_boomed.bmp">
      <Filter>资源文件</Filter>
    </Image>
    <Image Include="res\expression\medium_lose.bmp">
      <Filter>资源文件</Filter>
    </Image>
    <Image Include="res\expression\medium_process.bmp">
      <Filter>资源文件</Filter>
    </Image>
    <Image Include="res\expression\medium_win.bmp">
      <Filter>资源文件</Filter>
    </Image>
    <Image Include="res\triangle\primacy.bmp">
      <Filter>资源文件</Filter>
    </Image>
    <Image Include="res\question\primacy.bmp">
      <Filter>资源文件</Filter>
    </Image>
    <Image Include="..\..\sweepmine bitmap\square\primacy.bmp">
      <Filter>资源文件</Filter>
    </Image>
    <Image Include="res\square\primacy.bmp">
      <Filter>资源文件</Filter>
    </Image>
    <Image Include="res\primacy_1.bmp">
      <Filter>资源文件</Filter>
    </Image>
    <Image Include="res\primacy_2.bmp">
      <Filter>资源文件</Filter>
    </Image>
    <Image Include="res\primacy_3.bmp">
      <Filter>资源文件</Filter>
    </Image>
    <Image Include="res\primacy_4.bmp">
      <Filter>资源文件</Filter>
    </Image>
    <Image Include="res\primacy_5.bmp">
      <Filter>资源文件</Filter>
    </Image>
    <Image Include="res\primacy_6.bmp">
      <Filter>资源文件</Filter>
    </Image>
    <Image Include="res\primacy_7.bmp">
      <Filter>资源文件</Filter>
    </Image>
    <Image Include="res\primacy_8.bmp">
      <Filter>资源文件</Filter>
    </Image>
    <Image Include="res\primacy_9.bmp">
      <Filter>资源文件</Filter>
    </Image>
    <Image Include="res\boom\primacy_boom.bmp">
      <Filter>资源文件</Filter>
    </Image>
    <Image Include="res\boom\primacy_boomed.bmp">
      <Filter>资源文件</Filter>
    </Image>
    <Image Include="res\expression\primacy_lose.bmp">
      <Filter>资源文件</Filter>
    </Image>
    <Image Include="res\expression\primacy_process.bmp">
      <Filter>资源文件</Filter>
    </Image>
    <Image Include="res\expression\primacy_win.bmp">
      <Filter>资源文件</Filter>
    </Image>
    <Image Include="res\square\senior.bmp">
      <Filter>资源文件</Filter>
    </Image>
    <Image Include="res\triangle\senior.bmp">
      <Filter>资源文件</Filter>
    </Image>
    <Image Include="res\question\senior.bmp">
      <Filter>资源文件</Filter>
    </Image>
    <Image Include="res\senior_1.bmp">
      <Filter>资源文件</Filter>
    </Image>
    <Image Include="res\senior_2.bmp">
      <Filter>资源文件</Filter>
    </Image>
    <Image Include="res\senior_3.bmp">
      <Filter>资源文件</Filter>
    </Image>
    <Image Include="res\senior_4.bmp">
      <Filter>资源文件</Filter>
    </Image>
    <Image Include="res\senior_5.bmp">
      <Filter>资源文件</Filter>
    </Image>
    <Image Include="res\senior_6.bmp">
      <Filter>资源文件</Filter>
    </Image>
    <Image Include="res\senior_7.bmp">
      <Filter>资源文件</Filter>
    </Image>
    <Image Include="res\senior_8.bmp">
      <Filter>资源文件</Filter>
    </Image>
    <Image Include="res\senior_9.bmp">
      <Filter>资源文件</Filter>
    </Image>
    <Image Include="res\boom\senior_boom.bmp">
      <Filter>资源文件</Filter>
    </Image>
    <Image Include="res\boom\senior_boomed.bmp">
      <Filter>资源文件</Filter>
    </Image>
    <Image Include="res\expression\senior_lose.bmp">
      <Filter>资源文件</Filter>
    </Image>
    <Image Include="res\expression\senior_process.bmp">
      <Filter>资源文件</Filter>
    </Image>
    <Image Include="res\expression\senior_win.bmp">
      <Filter>资源文件</Filter>
    </Image>
    <Image Include="res\sweepMineMFC.ico">
      <Filter>资源文件</Filter>
    </Image>
    <Image Include="res\sweepMineMFCDoc.ico">
      <Filter>资源文件</Filter>
    </Image>
    <Image Include="res\Toolbar.bmp">
      <Filter>资源文件</Filter>
    </Image>
    <Image Include="..\..\sweepmine bitmap\square\ttt.bmp">
      <Filter>资源文件</Filter>
    </Image>
  </ItemGroup>
  <ItemGroup>
    <ResourceCompile Include="sweepMineMFC.rc">
      <Filter>资源文件</Filter>
    </ResourceCompile>
  </ItemGroup>
  <ItemGroup>
    <None Include="res\sweepMineMFC.rc2">
      <Filter>资源文件</Filter>
    </None>
  </ItemGroup>
  <ItemGroup>
    <Text Include="ReadMe.txt" />
  </ItemGroup>
</Project>